
Microsoft Visual Studio Solution File, Format Version 12.00
# Visual Studio Version 17
VisualStudioVersion = 17.1.32319.34
MinimumVisualStudioVersion = 10.0.40219.1
Project("{FAE04EC0-301F-11D3-BF4B-00C04F79EFBC}") = "Evaluacion1SebastianAlday", "Evaluacion1SebastianAlday.csproj", "{1EAC70A4-13D3-4B20-9F07-E67417B88147}"
EndProject
Global
	GlobalSection(SolutionConfigurationPlatforms) = preSolution
		Debug|Any CPU = Debug|Any CPU
		Release|Any CPU = Release|Any CPU
	EndGlobalSection
	GlobalSection(ProjectConfigurationPlatforms) = postSolution
		{1EAC70A4-13D3-4B20-9F07-E67417B88147}.Debug|Any CPU.ActiveCfg = Debug|Any CPU
		{1EAC70A4-13D3-4B20-9F07-E67417B88147}.Debug|Any CPU.Build.0 = Debug|Any CPU
		{1EAC70A4-13D3-4B20-9F07-E67417B88147}.Release|Any CPU.ActiveCfg = Release|Any CPU
		{1EAC70A4-13D3-4B20-9F07-E67417B88147}.Release|Any CPU.Build.0 = Release|Any CPU
	EndGlobalSection
	GlobalSection(SolutionProperties) = preSolution
		HideSolutionNode = FALSE
	EndGlobalSection
	GlobalSection(ExtensibilityGlobals) = postSolution
		SolutionGuid = {BC0916C7-B3C1-4C48-8643-7C49DCC68AEA}
	EndGlobalSection
EndGlobal
